
Microsoft Visual Studio Solution File, Format Version 12.00
# Visual Studio 15
VisualStudioVersion = 15.0.26124.0
MinimumVisualStudioVersion = 15.0.26124.0
Project("{9A19103F-16F7-4668-BE54-9A1E7A4F7556}") = "Otc.PdfTemplate.Abstractions", "Otc.PdfTemplate.Abstractions\Otc.PdfTemplate.Abstractions.csproj", "{D146EBA9-651D-4FA0-9191-3DF02E80B97D}"
EndProject
Project("{9A19103F-16F7-4668-BE54-9A1E7A4F7556}") = "Otc.PdfTemplate", "Otc.PdfTemplate\Otc.PdfTemplate.csproj", "{6E8C643E-487B-4493-B9CE-2D429DCC5F64}"
EndProject
Project("{FAE04EC0-301F-11D3-BF4B-00C04F79EFBC}") = "Otc.PdfTemplate.Tests", "Otc.PdfTemplate.Tests\Otc.PdfTemplate.Tests.csproj", "{E4382AB7-DAB0-4364-A74E-AE789EEB40A0}"
EndProject
Global
	GlobalSection(SolutionConfigurationPlatforms) = preSolution
		Debug|Any CPU = Debug|Any CPU
		Debug|x64 = Debug|x64
		Debug|x86 = Debug|x86
		Release|Any CPU = Release|Any CPU
		Release|x64 = Release|x64
		Release|x86 = Release|x86
	EndGlobalSection
	GlobalSection(ProjectConfigurationPlatforms) = postSolution
		{D146EBA9-651D-4FA0-9191-3DF02E80B97D}.Debug|Any CPU.ActiveCfg = Debug|Any CPU
		{D146EBA9-651D-4FA0-9191-3DF02E80B97D}.Debug|Any CPU.Build.0 = Debug|Any CPU
		{D146EBA9-651D-4FA0-9191-3DF02E80B97D}.Debug|x64.ActiveCfg = Debug|Any CPU
		{D146EBA9-651D-4FA0-9191-3DF02E80B97D}.Debug|x64.Build.0 = Debug|Any CPU
		{D146EBA9-651D-4FA0-9191-3DF02E80B97D}.Debug|x86.ActiveCfg = Debug|Any CPU
		{D146EBA9-651D-4FA0-9191-3DF02E80B97D}.Debug|x86.Build.0 = Debug|Any CPU
		{D146EBA9-651D-4FA0-9191-3DF02E80B97D}.Release|Any CPU.ActiveCfg = Release|Any CPU
		{D146EBA9-651D-4FA0-9191-3DF02E80B97D}.Release|Any CPU.Build.0 = Release|Any CPU
		{D146EBA9-651D-4FA0-9191-3DF02E80B97D}.Release|x64.ActiveCfg = Release|Any CPU
		{D146EBA9-651D-4FA0-9191-3DF02E80B97D}.Release|x64.Build.0 = Release|Any CPU
		{D146EBA9-651D-4FA0-9191-3DF02E80B97D}.Release|x86.ActiveCfg = Release|Any CPU
		{D146EBA9-651D-4FA0-9191-3DF02E80B97D}.Release|x86.Build.0 = Release|Any CPU
		{6E8C643E-487B-4493-B9CE-2D429DCC5F64}.Debug|Any CPU.ActiveCfg = Debug|Any CPU
		{6E8C643E-487B-4493-B9CE-2D429DCC5F64}.Debug|Any CPU.Build.0 = Debug|Any CPU
		{6E8C643E-487B-4493-B9CE-2D429DCC5F64}.Debug|x64.ActiveCfg = Debug|Any CPU
		{6E8C643E-487B-4493-B9CE-2D429DCC5F64}.Debug|x64.Build.0 = Debug|Any CPU
		{6E8C643E-487B-4493-B9CE-2D429DCC5F64}.Debug|x86.ActiveCfg = Debug|Any CPU
		{6E8C643E-487B-4493-B9CE-2D429DCC5F64}.Debug|x86.Build.0 = Debug|Any CPU
		{6E8C643E-487B-4493-B9CE-2D429DCC5F64}.Release|Any CPU.ActiveCfg = Release|Any CPU
		{6E8C643E-487B-4493-B9CE-2D429DCC5F64}.Release|Any CPU.Build.0 = Release|Any CPU
		{6E8C643E-487B-4493-B9CE-2D429DCC5F64}.Release|x64.ActiveCfg = Release|Any CPU
		{6E8C643E-487B-4493-B9CE-2D429DCC5F64}.Release|x64.Build.0 = Release|Any CPU
		{6E8C643E-487B-4493-B9CE-2D429DCC5F64}.Release|x86.ActiveCfg = Release|Any CPU
		{6E8C643E-487B-4493-B9CE-2D429DCC5F64}.Release|x86.Build.0 = Release|Any CPU
		{E4382AB7-DAB0-4364-A74E-AE789EEB40A0}.Debug|Any CPU.ActiveCfg = Debug|Any CPU
		{E4382AB7-DAB0-4364-A74E-AE789EEB40A0}.Debug|Any CPU.Build.0 = Debug|Any CPU
		{E4382AB7-DAB0-4364-A74E-AE789EEB40A0}.Debug|x64.ActiveCfg = Debug|Any CPU
		{E4382AB7-DAB0-4364-A74E-AE789EEB40A0}.Debug|x64.Build.0 = Debug|Any CPU
		{E4382AB7-DAB0-4364-A74E-AE789EEB40A0}.Debug|x86.ActiveCfg = Debug|Any CPU
		{E4382AB7-DAB0-4364-A74E-AE789EEB40A0}.Debug|x86.Build.0 = Debug|Any CPU
		{E4382AB7-DAB0-4364-A74E-AE789EEB40A0}.Release|Any CPU.ActiveCfg = Release|Any CPU
		{E4382AB7-DAB0-4364-A74E-AE789EEB40A0}.Release|Any CPU.Build.0 = Release|Any CPU
		{E4382AB7-DAB0-4364-A74E-AE789EEB40A0}.Release|x64.ActiveCfg = Release|Any CPU
		{E4382AB7-DAB0-4364-A74E-AE789EEB40A0}.Release|x64.Build.0 = Release|Any CPU
		{E4382AB7-DAB0-4364-A74E-AE789EEB40A0}.Release|x86.ActiveCfg = Release|Any CPU
		{E4382AB7-DAB0-4364-A74E-AE789EEB40A0}.Release|x86.Build.0 = Release|Any CPU
	EndGlobalSection
	GlobalSection(SolutionProperties) = preSolution
		HideSolutionNode = FALSE
	EndGlobalSection
	GlobalSection(ExtensibilityGlobals) = postSolution
		SolutionGuid = {DFA90141-C01B-4675-8382-5AD2259E3ACC}
	EndGlobalSection
EndGlobal
